
Microsoft Visual Studio Solution File, Format Version 12.00
# Visual Studio Version 17
VisualStudioVersion = 17.0.31903.59
MinimumVisualStudioVersion = 10.0.40219.1
Project("{2150E333-8FDC-42A3-9474-1A3956D46DE8}") = "APIs", "APIs", "{1F481CBE-6473-4B67-A20F-EC1E684369D6}"
EndProject
Project("{FAE04EC0-301F-11D3-BF4B-00C04F79EFBC}") = "PTP.Application", "APIs\PTP.Application\PTP.Application.csproj", "{61514C05-62FF-4A2B-8DDC-3D314DCD67C5}"
EndProject
Project("{FAE04EC0-301F-11D3-BF4B-00C04F79EFBC}") = "PTP.Domain", "APIs\PTP.Domain\PTP.Domain.csproj", "{91BB6860-4FCE-4C4F-8473-384D669552E9}"
EndProject
Project("{FAE04EC0-301F-11D3-BF4B-00C04F79EFBC}") = "PTP.Infrastructure", "APIs\PTP.Infrastructure\PTP.Infrastructure.csproj", "{9998289D-03F9-4F2C-A69C-1A226E3A3A75}"
EndProject
Project("{FAE04EC0-301F-11D3-BF4B-00C04F79EFBC}") = "PTP.WebAPI", "APIs\PTP.WebAPI\PTP.WebAPI.csproj", "{0A79D347-962E-48FE-8F06-57755F4E392E}"
EndProject
Project("{2150E333-8FDC-42A3-9474-1A3956D46DE8}") = "Tests", "Tests", "{1236B99A-71C2-4FE0-BA00-4594DF32E9AD}"
EndProject
Project("{FAE04EC0-301F-11D3-BF4B-00C04F79EFBC}") = "PTP.Application.Test", "Tests\PTP.Application.Test\PTP.Application.Test.csproj", "{8B1125E6-B707-461C-BDEA-C16FECBFDF39}"
EndProject
Project("{FAE04EC0-301F-11D3-BF4B-00C04F79EFBC}") = "PTP.Domain.Test", "Tests\PTP.Domain.Test\PTP.Domain.Test.csproj", "{F2E4A045-6B5E-4F5F-AF72-6730B9E244B5}"
EndProject
Project("{FAE04EC0-301F-11D3-BF4B-00C04F79EFBC}") = "PTP.Infrastructure.Test", "Tests\PTP.Infrastructure.Test\PTP.Infrastructure.Test.csproj", "{9EF120AD-C0D7-40FF-9BA2-BFC4899289DF}"
EndProject
Project("{FAE04EC0-301F-11D3-BF4B-00C04F79EFBC}") = "PTP.WebAPI.Test", "Tests\PTP.WebAPI.Test\PTP.WebAPI.Test.csproj", "{2417B5C6-5AB4-4C41-B716-18F44872E350}"
EndProject
Global
	GlobalSection(SolutionConfigurationPlatforms) = preSolution
		Debug|Any CPU = Debug|Any CPU
		Release|Any CPU = Release|Any CPU
	EndGlobalSection
	GlobalSection(SolutionProperties) = preSolution
		HideSolutionNode = FALSE
	EndGlobalSection
	GlobalSection(ProjectConfigurationPlatforms) = postSolution
		{61514C05-62FF-4A2B-8DDC-3D314DCD67C5}.Debug|Any CPU.ActiveCfg = Debug|Any CPU
		{61514C05-62FF-4A2B-8DDC-3D314DCD67C5}.Debug|Any CPU.Build.0 = Debug|Any CPU
		{61514C05-62FF-4A2B-8DDC-3D314DCD67C5}.Release|Any CPU.ActiveCfg = Release|Any CPU
		{61514C05-62FF-4A2B-8DDC-3D314DCD67C5}.Release|Any CPU.Build.0 = Release|Any CPU
		{91BB6860-4FCE-4C4F-8473-384D669552E9}.Debug|Any CPU.ActiveCfg = Debug|Any CPU
		{91BB6860-4FCE-4C4F-8473-384D669552E9}.Debug|Any CPU.Build.0 = Debug|Any CPU
		{91BB6860-4FCE-4C4F-8473-384D669552E9}.Release|Any CPU.ActiveCfg = Release|Any CPU
		{91BB6860-4FCE-4C4F-8473-384D669552E9}.Release|Any CPU.Build.0 = Release|Any CPU
		{9998289D-03F9-4F2C-A69C-1A226E3A3A75}.Debug|Any CPU.ActiveCfg = Debug|Any CPU
		{9998289D-03F9-4F2C-A69C-1A226E3A3A75}.Debug|Any CPU.Build.0 = Debug|Any CPU
		{9998289D-03F9-4F2C-A69C-1A226E3A3A75}.Release|Any CPU.ActiveCfg = Release|Any CPU
		{9998289D-03F9-4F2C-A69C-1A226E3A3A75}.Release|Any CPU.Build.0 = Release|Any CPU
		{0A79D347-962E-48FE-8F06-57755F4E392E}.Debug|Any CPU.ActiveCfg = Debug|Any CPU
		{0A79D347-962E-48FE-8F06-57755F4E392E}.Debug|Any CPU.Build.0 = Debug|Any CPU
		{0A79D347-962E-48FE-8F06-57755F4E392E}.Release|Any CPU.ActiveCfg = Release|Any CPU
		{0A79D347-962E-48FE-8F06-57755F4E392E}.Release|Any CPU.Build.0 = Release|Any CPU
		{8B1125E6-B707-461C-BDEA-C16FECBFDF39}.Debug|Any CPU.ActiveCfg = Debug|Any CPU
		{8B1125E6-B707-461C-BDEA-C16FECBFDF39}.Debug|Any CPU.Build.0 = Debug|Any CPU
		{8B1125E6-B707-461C-BDEA-C16FECBFDF39}.Release|Any CPU.ActiveCfg = Release|Any CPU
		{8B1125E6-B707-461C-BDEA-C16FECBFDF39}.Release|Any CPU.Build.0 = Release|Any CPU
		{F2E4A045-6B5E-4F5F-AF72-6730B9E244B5}.Debug|Any CPU.ActiveCfg = Debug|Any CPU
		{F2E4A045-6B5E-4F5F-AF72-6730B9E244B5}.Debug|Any CPU.Build.0 = Debug|Any CPU
		{F2E4A045-6B5E-4F5F-AF72-6730B9E244B5}.Release|Any CPU.ActiveCfg = Release|Any CPU
		{F2E4A045-6B5E-4F5F-AF72-6730B9E244B5}.Release|Any CPU.Build.0 = Release|Any CPU
		{9EF120AD-C0D7-40FF-9BA2-BFC4899289DF}.Debug|Any CPU.ActiveCfg = Debug|Any CPU
		{9EF120AD-C0D7-40FF-9BA2-BFC4899289DF}.Debug|Any CPU.Build.0 = Debug|Any CPU
		{9EF120AD-C0D7-40FF-9BA2-BFC4899289DF}.Release|Any CPU.ActiveCfg = Release|Any CPU
		{9EF120AD-C0D7-40FF-9BA2-BFC4899289DF}.Release|Any CPU.Build.0 = Release|Any CPU
		{2417B5C6-5AB4-4C41-B716-18F44872E350}.Debug|Any CPU.ActiveCfg = Debug|Any CPU
		{2417B5C6-5AB4-4C41-B716-18F44872E350}.Debug|Any CPU.Build.0 = Debug|Any CPU
		{2417B5C6-5AB4-4C41-B716-18F44872E350}.Release|Any CPU.ActiveCfg = Release|Any CPU
		{2417B5C6-5AB4-4C41-B716-18F44872E350}.Release|Any CPU.Build.0 = Release|Any CPU
	EndGlobalSection
	GlobalSection(NestedProjects) = preSolution
		{61514C05-62FF-4A2B-8DDC-3D314DCD67C5} = {1F481CBE-6473-4B67-A20F-EC1E684369D6}
		{91BB6860-4FCE-4C4F-8473-384D669552E9} = {1F481CBE-6473-4B67-A20F-EC1E684369D6}
		{9998289D-03F9-4F2C-A69C-1A226E3A3A75} = {1F481CBE-6473-4B67-A20F-EC1E684369D6}
		{0A79D347-962E-48FE-8F06-57755F4E392E} = {1F481CBE-6473-4B67-A20F-EC1E684369D6}
		{8B1125E6-B707-461C-BDEA-C16FECBFDF39} = {1236B99A-71C2-4FE0-BA00-4594DF32E9AD}
		{F2E4A045-6B5E-4F5F-AF72-6730B9E244B5} = {1236B99A-71C2-4FE0-BA00-4594DF32E9AD}
		{9EF120AD-C0D7-40FF-9BA2-BFC4899289DF} = {1236B99A-71C2-4FE0-BA00-4594DF32E9AD}
		{2417B5C6-5AB4-4C41-B716-18F44872E350} = {1236B99A-71C2-4FE0-BA00-4594DF32E9AD}
	EndGlobalSection
EndGlobal
