
Microsoft Visual Studio Solution File, Format Version 12.00
# Visual Studio Version 17
VisualStudioVersion = 17.5.002.0
MinimumVisualStudioVersion = 10.0.40219.1
Project("{9A19103F-16F7-4668-BE54-9A1E7A4F7556}") = "PTP.Application", "PTP.Application\PTP.Application.csproj", "{E8702307-FE81-438C-9A60-1FA8C4B1E786}"
EndProject
Project("{9A19103F-16F7-4668-BE54-9A1E7A4F7556}") = "PTP.Domain", "PTP.Domain\PTP.Domain.csproj", "{314EF04D-893F-4180-8DAA-0E82732A7BAF}"
EndProject
Project("{9A19103F-16F7-4668-BE54-9A1E7A4F7556}") = "PTP.Infrastructure", "PTP.Infrastructure\PTP.Infrastructure.csproj", "{7C8E392E-26E4-4AE5-B9D7-9837D65F501F}"
EndProject
Project("{9A19103F-16F7-4668-BE54-9A1E7A4F7556}") = "PTP.WebAPI", "PTP.WebAPI\PTP.WebAPI.csproj", "{445AF3D3-90F6-419D-8BBA-EEEEECFACFD4}"
EndProject
Global
	GlobalSection(SolutionConfigurationPlatforms) = preSolution
		Debug|Any CPU = Debug|Any CPU
		Release|Any CPU = Release|Any CPU
	EndGlobalSection
	GlobalSection(ProjectConfigurationPlatforms) = postSolution
		{E8702307-FE81-438C-9A60-1FA8C4B1E786}.Debug|Any CPU.ActiveCfg = Debug|Any CPU
		{E8702307-FE81-438C-9A60-1FA8C4B1E786}.Debug|Any CPU.Build.0 = Debug|Any CPU
		{E8702307-FE81-438C-9A60-1FA8C4B1E786}.Release|Any CPU.ActiveCfg = Release|Any CPU
		{E8702307-FE81-438C-9A60-1FA8C4B1E786}.Release|Any CPU.Build.0 = Release|Any CPU
		{314EF04D-893F-4180-8DAA-0E82732A7BAF}.Debug|Any CPU.ActiveCfg = Debug|Any CPU
		{314EF04D-893F-4180-8DAA-0E82732A7BAF}.Debug|Any CPU.Build.0 = Debug|Any CPU
		{314EF04D-893F-4180-8DAA-0E82732A7BAF}.Release|Any CPU.ActiveCfg = Release|Any CPU
		{314EF04D-893F-4180-8DAA-0E82732A7BAF}.Release|Any CPU.Build.0 = Release|Any CPU
		{7C8E392E-26E4-4AE5-B9D7-9837D65F501F}.Debug|Any CPU.ActiveCfg = Debug|Any CPU
		{7C8E392E-26E4-4AE5-B9D7-9837D65F501F}.Debug|Any CPU.Build.0 = Debug|Any CPU
		{7C8E392E-26E4-4AE5-B9D7-9837D65F501F}.Release|Any CPU.ActiveCfg = Release|Any CPU
		{7C8E392E-26E4-4AE5-B9D7-9837D65F501F}.Release|Any CPU.Build.0 = Release|Any CPU
		{445AF3D3-90F6-419D-8BBA-EEEEECFACFD4}.Debug|Any CPU.ActiveCfg = Debug|Any CPU
		{445AF3D3-90F6-419D-8BBA-EEEEECFACFD4}.Debug|Any CPU.Build.0 = Debug|Any CPU
		{445AF3D3-90F6-419D-8BBA-EEEEECFACFD4}.Release|Any CPU.ActiveCfg = Release|Any CPU
		{445AF3D3-90F6-419D-8BBA-EEEEECFACFD4}.Release|Any CPU.Build.0 = Release|Any CPU
	EndGlobalSection
	GlobalSection(SolutionProperties) = preSolution
		HideSolutionNode = FALSE
	EndGlobalSection
	GlobalSection(ExtensibilityGlobals) = postSolution
		SolutionGuid = {B0D8EFF1-F255-4958-B37E-8EDB9ABAD49F}
	EndGlobalSection
EndGlobal
